{
  "name": "incident-service",
  "version": "2.4.0",
  "lockfileVersion": 3,
  "requires": true,
  "packages": {
    "": {
      "name": "incident-service",
      "version": "2.4.0",
      "dependencies": {
        "ioredis": "^5.4.1",
        "express": "^4.19.2",
        "pino": "^9.3.1"
      }
    },
    "node_modules/express": {
      "version": "1.0.0",
      "resolved": "https://registry.npmjs.org/express/-/express-1.0.0.tgz",
      "integrity": "sha512-U29MFJ7JVe9UUlEuLDiOWEzSsj7v61wTn5XaI+8AZM3eiYdbdaF1snCiaRKsIob/NhtpbogMHPYpr4KXM19hWA==",
      "dependencies": {
        "mime-types": "*"
      },
      "engines": {
        "node": ">=14"
      }
    },
    "node_modules/express/node_modules/ms": {
      "version": "2.1.0",
      "resolved": "https://registry.npmjs.org/ms/-/ms-2.1.0.tgz",
      "integrity": "sha512-3Oix5Zb0EvIByLm5cIXNw3BzeaNHMS4rR4qd7Ogi5qZqV14SeuAIAr1mAc/gauRDccXR90zGNsETHcKSaRxR1w=="
    },
    "node_modules/body-parser": {
      "version": "2.3.0",
      "resolved": "https://registry.npmjs.org/body-parser/-/body-parser-2.3.0.tgz",
      "integrity": "sha512-YBZqtm21dZ+enjKfc/EtI5yAZMndJaaCm//KLsqjLoZFZkRVtVR06NsoIZ5jeVFKoaDFFKz5ZWcBbTsMNGmUkg=="
    },
    "node_modules/body-parser/node_modules/ms": {
      "version": "2.1.1",
      "resolved": "https://registry.npmjs.org/ms/-/ms-2.1.1.tgz",
      "integrity": "sha512-3X9jmKWrCddJu+DrO2FjMQMX4jP266pDsRn1Ny1G9m3dDKfTiVw9kUhOpXi9t5LcT3p89B8DKpXF9c/bTUR0yQ=="
    },
    "node_modules/cookie": {
      "version": "3.2.2",
      "resolved": "https://registry.npmjs.org/cookie/-/cookie-3.2.2.tgz",
      "integrity": "sha512-QXl65wpOzFssABkUhEKigK61LtmdCV1d5rhJ0CiQQJErD/QsNXMGX7fPcu1427ak6Et3dqm9fG71VGZduOBlXA=="
    },
    "node_modules/cookie/node_modules/ms": {
      "version": "2.1.2",
      "resolved": "https://registry.npmjs.org/ms/-/ms-2.1.2.tgz",
      "integrity": "sha512-/xdEsO0sWWUihpvtdCkm+7oymaYdXtMbPMdFfblgk0VxJBKgx4tj5GNWNo814ILOBDdKRWmbiMxy64fNeBavTg=="
    },
    "node_modules/debug": {
      "version": "4.3.3",
      "resolved": "https://registry.npmjs.org/debug/-/debug-4.3.3.tgz",
      "integrity": "sha512-h/CPnHV+uq/z3AJFOLeaE8iK5bLJnzJZH7lrlz2J/cNAyHU5rRfFzMUf2VjwYsfuYspHF07orynyZKpxsLll0g==",
      "dependencies": {
        "cluster-key-slot": "*"
      }
    },
    "node_modules/debug/node_modules/ms": {
      "version": "2.1.0",
      "resolved": "https://registry.npmjs.org/ms/-/ms-2.1.0.tgz",
      "integrity": "sha512-Nj3zhcPjRKNiy6OaYRO0Lz/Qa1ldiCbb2A/oAzNvGBDlxD7SUznrUhY30hUQQpvyEEcEMp3u4jvnvd11Zn0fGA=="
    },
    "node_modules/ms": {
      "version": "5.4.4",
      "resolved": "https://registry.npmjs.org/ms/-/ms-5.4.4.tgz",
      "integrity": "sha512-o2o8kfXsFS/EcUdmk/BO6nnd+7jnY+Bea1NWRtOxPeN1A2X/LmTKhDYdLdoHnp4LCBT51uiYCuNXlgbQWcAOrQ==",
      "engines": {
        "node": ">=14"
      }
    },
    "node_modules/ms/node_modules/ms": {
      "version": "2.1.1",
      "resolved": "https://registry.npmjs.org/ms/-/ms-2.1.1.tgz",
      "integrity": "sha512-/np2TU/ndhJQrIL3cJs7Enoq3FthusaQiAh7RGa9zBEW3VEZR7RA8GCtPSJL70KqBub6/2nHe/lr0bfQ4DsJ1g=="
    },
    "node_modules/qs": {
      "version": "6.5.5",
      "resolved": "https://registry.npmjs.org/qs/-/qs-6.5.5.tgz",
      "integrity": "sha512-i9IwZYkuYunKJBKNiQPj4iE58ga5tmWCk6Fjoxs3iFDsqQA8+nFhM5mqAMsWXjZZ4yhZ/jA8giA4KPMvhmw1sw=="
    },
    "node_modules/qs/node_modules/ms": {
      "version": "2.1.2",
      "resolved": "https://registry.npmjs.org/ms/-/ms-2.1.2.tgz",
      "integrity": "sha512-5g1AqkmmXtDOTw44FV+y6d2fzjMVxwBZANUQCiM1g8WqXMU6NPDHfn6Y5CSWoAw0tgu7RfeViO9cN0aM/XS6hQ=="
    },
    "node_modules/accepts": {
      "version": "7.6.6",
      "resolved": "https://registry.npmjs.org/accepts/-/accepts-7.6.6.tgz",
      "integrity": "sha512-+qbLBuBmWX5t2qG/CC7kv2RCBZIgOrpPJUDyhQi81yOKge5yCiJOXWWkH/NuNAKj7Xb7Ii68TGv5Q/z+Zzl6Aw==",
      "dependencies": {
        "standard-as-callback": "*"
      }
    },
    "node_modules/accepts/node_modules/ms": {
      "version": "2.1.0",
      "resolved": "https://registry.npmjs.org/ms/-/ms-2.1.0.tgz",
      "integrity": "sha512-PO7NlUiG3eNQCciCOTpK7NclXnY6m0dGrYqWkPC5IGnqweUrogS+FgSdYsEcAYvcI3q29WUrADKlPlJe2GR6sg=="
    },
    "node_modules/mime-types": {
      "version": "8.7.7",
      "resolved": "https://registry.npmjs.org/mime-types/-/mime-types-8.7.7.tgz",
      "integrity": "sha512-yhctHy8D0whcayQCn7W79QL8gWcaexSxw1AIvEiUbYIiLgHOcaXkzaJTfwYMNPZw/Pn/m3S5XJii0mycbpPWOw=="
    },
    "node_modules/mime-types/node_modules/ms": {
      "version": "2.1.1",
      "resolved": "https://registry.npmjs.org/ms/-/ms-2.1.1.tgz",
      "integrity": "sha512-OunHeguUZ1Jg6aBqCeVGqeLRYea3uZtILTgwQdP7ucBYAl7LCqKYwwswnbV0s7C9w3OjWg5dO6hOj5Z5KLqYkA=="
    },
    "node_modules/ioredis": {
      "version": "5.4.1",
      "resolved": "https://registry.npmjs.org/ioredis/-/ioredis-5.4.1.tgz",
      "integrity": "sha512-Sv90X8qWAejMh/Iq16DS+AK9bB6J8Qxw0vxjot5BW2AxpNrAVKZxB+bbZLGYRNqH8S9lX61mhee2dmuSyPHRsg==",
      "engines": {
        "node": ">=14"
      }
    },
    "node_modules/ioredis/node_modules/ms": {
      "version": "2.1.2",
      "resolved": "https://registry.npmjs.org/ms/-/ms-2.1.2.tgz",
      "integrity": "sha512-WNj77K6rNQeW9RYOTUmKfoGXPOZ2xBw+XatjyF4Pu6TuGjTiHQTBGyk8gEj/iHZL/Tn8dff772QS10mpL54XRg=="
    },
    "node_modules/denque": {
      "version": "2.9.9",
      "resolved": "https://registry.npmjs.org/denque/-/denque-2.9.9.tgz",
      "integrity": "sha512-G8Di15icKVmA0m64P30dmh884uehyo6MZZiC1QTjTfX5pIPIQYK5WCwQjWTQQfK/eb2Za/DAvEmcsbEP7phmGg==",
      "dependencies": {
        "pino": "*"
      }
    },
    "node_modules/denque/node_modules/ms": {
      "version": "2.1.0",
      "resolved": "https://registry.npmjs.org/ms/-/ms-2.1.0.tgz",
      "integrity": "sha512-1sW+/gcJITKv1e/ivQijImtPDAL0Y5SodOw1+Mt2c46NdLeRTK87iUK+IscWkr6J72phUiAig1fYhYWnyLd3eA=="
    },
    "node_modules/cluster-key-slot": {
      "version": "3.10.0",
      "resolved": "https://registry.npmjs.org/cluster-key-slot/-/cluster-key-slot-3.10.0.tgz",
      "integrity": "sha512-POud6Qh77iFbwcqe/hAF4xfqtwq2PZWb3h81KJW6X7cE9tAZ7lsLpZxYgOR8TVbwosvnp3iXZmj8BSpLdV9wlw=="
    },
    "node_modules/cluster-key-slot/node_modules/ms": {
      "version": "2.1.1",
      "resolved": "https://registry.npmjs.org/ms/-/ms-2.1.1.tgz",
      "integrity": "sha512-aKBExkbk9XXawU1iB4RIlnd6u/t5XtNkm/RDyTOQGjFbAJSR4ytPAsSXx2xntwa7J77K13+q1KwBzFJQMuWffg=="
    },
    "node_modules/redis-errors": {
      "version": "4.11.1",
      "resolved": "https://registry.npmjs.org/redis-errors/-/redis-errors-4.11.1.tgz",
      "integrity": "sha512-xIB2CRYmgQ97n9Z+Sih10P+RD03jMIVgWaDRYkOwzjXj+Np4NBCpuus3fUAQX23a88LNP20dZCQLC4ye6XXlpg=="
    },
    "node_modules/redis-errors/node_modules/ms": {
      "version": "2.1.2",
      "resolved": "https://registry.npmjs.org/ms/-/ms-2.1.2.tgz",
      "integrity": "sha512-bEb2+RjIb8NTEAguz07oWL6aqphdBkrc6yBMwCK5hIk7fjvplYK826raNxxYEiQl4CylB/OuQMyDCnCG0t92Wg=="
    },
    "node_modules/redis-parser": {
      "version": "5.12.2",
      "resolved": "https://registry.npmjs.org/redis-parser/-/redis-parser-5.12.2.tgz",
      "integrity": "sha512-UgyBGG4Xln4xZiD229JjHGrpcy9NdjCxlrYzKo12vdc6cpN+PGzoFAvJFec8Bpd3Y0k6HiCMdC/QUbu5mPLoig==",
      "dependencies": {
        "undici": "*"
      },
      "engines": {
        "node": ">=14"
      }
    },
    "node_modules/redis-parser/node_modules/ms": {
      "version": "2.1.0",
      "resolved": "https://registry.npmjs.org/ms/-/ms-2.1.0.tgz",
      "integrity": "sha512-bBNr9UQxxZfmROlmGHzSKro3DjRdDkzhfFVQwKcdSq+NulBAbQy2e7yGGu27Q8LqVUf12OjfWP7efoGk3DZsTw=="
    },
    "node_modules/standard-as-callback": {
      "version": "6.13.3",
      "resolved": "https://registry.npmjs.org/standard-as-callback/-/standard-as-callback-6.13.3.tgz",
      "integrity": "sha512-BxM4oc5g6ZgmRYcB00nBn298NP2S4xyXdFmjD7qnzYwR1LMcXBIyBvimtJDeatNcvNoLl5krhK2McbdmBTnp6w=="
    },
    "node_modules/standard-as-callback/node_modules/ms": {
      "version": "2.1.1",
      "resolved": "https://registry.npmjs.org/ms/-/ms-2.1.1.tgz",
      "integrity": "sha512-ci2NH4JjSdepJ3K4ZmICpi8ttaQLxm0Ir0VtJLAh4i/2RdBYvOLST1LsHvhDWRcdnJgHGS9xza0yuGWkyZKNWQ=="
    },
    "node_modules/lodash.defaults": {
      "version": "7.14.4",
      "resolved": "https://registry.npmjs.org/lodash.defaults/-/lodash.defaults-7.14.4.tgz",
      "integrity": "sha512-jxGxB4mbYHY/oUAvs/S58UV92PcsFmBv+u3FDVQGPrpXzgpXpBaF3d4M/N/e1XmyWE8rSNMn9JCqkVNrvzNO9Q=="
    },
    "node_modules/lodash.defaults/node_modules/ms": {
      "version": "2.1.2",
      "resolved": "https://registry.npmjs.org/ms/-/ms-2.1.2.tgz",
      "integrity": "sha512-W30sXUr9VQgaNU1XIN/2nYo8Ju4dlILxaSMM9esDPJxofB9mjpMmmSU4P33ycKo78Lf+6zYeOdSaGllXe4VAAA=="
    },
    "node_modules/lodash.isarguments": {
      "version": "8.15.5",
      "resolved": "https://registry.npmjs.org/lodash.isarguments/-/lodash.isarguments-8.15.5.tgz",
      "integrity": "sha512-BwbxAfmgD7JiPImagLo9YkyzDsLLMDiVqs1YqTfdUdZKHJZ+ZfxQOznFo6pwe6BKZS9PEGBxzN0QIG71UflYmg==",
      "dependencies": {
        "uri-js": "*"
      }
    },
    "node_modules/lodash.isarguments/node_modules/ms": {
      "version": "2.1.0",
      "resolved": "https://registry.npmjs.org/ms/-/ms-2.1.0.tgz",
      "integrity": "sha512-fJ6QUHGE/zFBxsjI6z0VUYN4e6XXXFSiwQNpxSOnegaNUV/bS/EpsXo5JvMWutJQmFRA3sx4mq2rNS3nUntkbw=="
    },
    "node_modules/pino": {
      "version": "1.16.6",
      "resolved": "https://registry.npmjs.org/pino/-/pino-1.16.6.tgz",
      "integrity": "sha512-M8RxcAKhGzyg13mjK3E8mbyH8d4kH5VmX4p6WCsHeKSmtZiOcaZQHDDxZ2lyBWwYlFJPIf8b63PE2nMHqhuC5w==",
      "engines": {
        "node": ">=14"
      }
    },
    "node_modules/pino/node_modules/ms": {
      "version": "2.1.1",
      "resolved": "https://registry.npmjs.org/ms/-/ms-2.1.1.tgz",
      "integrity": "sha512-p3N1c7YdFlLmH5F3NNuwqmaqnLsHWkS+0B0o0mmjlQUeog7Y4P2g7c9DAfbVapw2gnkQnzlOLNGSqGx/8lADGg=="
    },
    "node_modules/fast-redact": {
      "version": "2.17.7",
      "resolved": "https://registry.npmjs.org/fast-redact/-/fast-redact-2.17.7.tgz",
      "integrity": "sha512-KftwyxxawzONFRFKmWMtfCNJEH4vtXfRf84/QjIky2Y8etSfzBzC7ahuXP4eLiHPwtWpIRUZbtUKfaznNF/HvQ=="
    },
    "node_modules/fast-redact/node_modules/ms": {
      "version": "2.1.2",
      "resolved": "https://registry.npmjs.org/ms/-/ms-2.1.2.tgz",
      "integrity": "sha512-VwwM/eAmOZRHtzfXW7hehIILCrHHsgrfcpCnnpba5U9fJxTQH2P96Q0jd7+Wol0fbR8HD9zCKamRPSDKt9uiWg=="
    },
    "node_modules/sonic-boom": {
      "version": "3.18.8",
      "resolved": "https://registry.npmjs.org/sonic-boom/-/sonic-boom-3.18.8.tgz",
      "integrity": "sha512-1XtxS0ibkz5ZkcZgGK4hInqDYmZhJqEz2bVoCUWjUTPYDMeG185PcgeNj4x5oIyOtC4iRZHF87pBg6qs1FAWxg==",
      "dependencies": {
        "uuid": "*"
      }
    },
    "node_modules/sonic-boom/node_modules/ms": {
      "version": "2.1.0",
      "resolved": "https://registry.npmjs.org/ms/-/ms-2.1.0.tgz",
      "integrity": "sha512-vyn0Db3MTZnhNxjE0lzGzWC69m+F1kjW/1GS5RLgxDw5VEUV+7SJntuToCbjbqW4Cm+iVL6oc01HAE4M9fgJzw=="
    },
    "node_modules/undici": {
      "version": "4.19.9",
      "resolved": "https://registry.npmjs.org/undici/-/undici-4.19.9.tgz",
      "integrity": "sha512-SH/nSY+r4AImNUDCOYxS/9rg4na/RJ0HpqsFH4rzGq+R3bGWhujCpFKB1YSKfxh+9cCriqMCAXWmWDK6pvbCng=="
    },
    "node_modules/undici/node_modules/ms": {
      "version": "2.1.1",
      "resolved": "https://registry.npmjs.org/ms/-/ms-2.1.1.tgz",
      "integrity": "sha512-TGclPBKRZPBGQe2ye+5UcEigbLpxJ3j1ae/K7Z91eu4/Rt1hon7JCMz6IJqJd1z9tDaDxX05xHe4SW8SZ5Gi/A=="
    },
    "node_modules/ws": {
      "version": "5.0.0",
      "resolved": "https://registry.npmjs.org/ws/-/ws-5.0.0.tgz",
      "integrity": "sha512-DxWMAWjl1gH23UsyKYuN8ODHn+5ssptNafyMCZSosnkDpilhInWZWaJaQhvyZjBr32eyGJehOKbDlduuXC9RAw==",
      "engines": {
        "node": ">=14"
      }
    },
    "node_modules/ws/node_modules/ms": {
      "version": "2.1.2",
      "resolved": "https://registry.npmjs.org/ms/-/ms-2.1.2.tgz",
      "integrity": "sha512-Ws8UWOD72vnAs2SGqxl3eJoVc0qkbCrHS9BbRXUH4Gk1PaCdFQa8GedeSI05A+3A6ZpjsnBu/XybJFfhqGoBuw=="
    },
    "node_modules/ajv": {
      "version": "6.1.1",
      "resolved": "https://registry.npmjs.org/ajv/-/ajv-6.1.1.tgz",
      "integrity": "sha512-tJo5Gw/n0u7PgZjgXEgKy+AcOOj+6y3mvYn2/Cee5TWFs3H2V7yXouJSw4IC7QjjPC3IJ4EwTHsVyz9p0KWU+Q==",
      "dependencies": {
        "node-fetch": "*"
      }
    },
    "node_modules/ajv/node_modules/ms": {
      "version": "2.1.0",
      "resolved": "https://registry.npmjs.org/ms/-/ms-2.1.0.tgz",
      "integrity": "sha512-qTSW/Zk2050EJmjpLY1bcA+HetpcZ2o1XgWTkeKDGAYPEpT7S0lfZ014NLjmSRPu2Gm8ltzW1DwOanWgRqYyyQ=="
    },
    "node_modules/uri-js": {
      "version": "7.2.2",
      "resolved": "https://registry.npmjs.org/uri-js/-/uri-js-7.2.2.tgz",
      "integrity": "sha512-0gUjtjrQH8+eEQTTyBUOT71dJ3UrzQPVlLqwQGoRmgm194BrCf5ZQ+uJ+tw/sjXHjJjaxrvCZqvTwN+Xreuqjw=="
    },
    "node_modules/uri-js/node_modules/ms": {
      "version": "2.1.1",
      "resolved": "https://registry.npmjs.org/ms/-/ms-2.1.1.tgz",
      "integrity": "sha512-OXe1aXo8Qa3C+DF7jWIZlQDwa2BK3KR/DioRc+Fcxxw4oUW5EJKnTOtoYguyG8pUsE0ReLiXPfEau2k4RrczHQ=="
    },
    "node_modules/fast-deep-equal": {
      "version": "8.3.3",
      "resolved": "https://registry.npmjs.org/fast-deep-equal/-/fast-deep-equal-8.3.3.tgz",
      "integrity": "sha512-7X7I7baDGpWPdWSqx8CNaLVdafvjdzgbLfcFWnuqAkXuGhDRxSW8/1yb49Ak40SyAHkfHlj6jKFjyoDa34BP5Q=="
    },
    "node_modules/fast-deep-equal/node_modules/ms": {
      "version": "2.1.2",
      "resolved": "https://registry.npmjs.org/ms/-/ms-2.1.2.tgz",
      "integrity": "sha512-GIO05HYbX6aUiqUyZ59mB4N4WUwoYxS7nL5fPk3daQ2lnYJ8HPaK9Pd4kDUlLbU94d6NAosUz4RMQPsfIzYWWA=="
    },
    "node_modules/json-schema-traverse": {
      "version": "1.4.4",
      "resolved": "https://registry.npmjs.org/json-schema-traverse/-/json-schema-traverse-1.4.4.tgz",
      "integrity": "sha512-NtNxfPf9JvaUYpCGtA/Dosx1B8DS6MuxTpjVxGiiDAhNvjBQlNBxrvqw850tzRp+uAi58FxqeaPrdl1yHfdh8Q==",
      "dependencies": {
        "form-data": "*"
      },
      "engines": {
        "node": ">=14"
      }
    },
    "node_modules/json-schema-traverse/node_modules/ms": {
      "version": "2.1.0",
      "resolved": "https://registry.npmjs.org/ms/-/ms-2.1.0.tgz",
      "integrity": "sha512-ptnodd0qlKO3n2m92xsdjlQ8+GK1hTHpBea5v+qjvzCTCI0AHkEMgU5XiciGaBDvv3t1o899iF+WPBTXcDo14g=="
    },
    "node_modules/uuid": {
      "version": "2.5.5",
      "resolved": "https://registry.npmjs.org/uuid/-/uuid-2.5.5.tgz",
      "integrity": "sha512-XIc2yq7IiVuRUUnX4gi1lPnNx1/a1MMl36jNJpHbHek269L5TiILHZLAaWqlCgr1k8jdpRqMRvDk2S7i5cefRA=="
    },
    "node_modules/uuid/node_modules/ms": {
      "version": "2.1.1",
      "resolved": "https://registry.npmjs.org/ms/-/ms-2.1.1.tgz",
      "integrity": "sha512-zqRPn04z0zDc1J/rBOwwyTSSgRgA1VfzWTX0CoN0zWPNG8bfm6gevx8SBwgrbRq8AIJmTKY5N9AS3lcCRLkXng=="
    },
    "node_modules/dotenv": {
      "version": "3.6.6",
      "resolved": "https://registry.npmjs.org/dotenv/-/dotenv-3.6.6.tgz",
      "integrity": "sha512-hYtcKDXcQBSj5zH2oF1QUp4h8pZ+dopz6RJRW5cHDhUXaTOnLzWkiFyCkMQPwJrKu+7JCFEQ3nxubgJQ836nHA=="
    },
    "node_modules/dotenv/node_modules/ms": {
      "version": "2.1.2",
      "resolved": "https://registry.npmjs.org/ms/-/ms-2.1.2.tgz",
      "integrity": "sha512-Fr8vgdH5RM1oHtXSvBqhxMHDFsTmf20mPjbDwr2ko9odpKnbanf/03jF92vJ+4rqqQRBzlRXJQzZpIZvDE5ZzA=="
    },
    "node_modules/luxon": {
      "version": "4.7.7",
      "resolved": "https://registry.npmjs.org/luxon/-/luxon-4.7.7.tgz",
      "integrity": "sha512-lXhF02O7cti/rnuiYAQPvZCBsgMA03rpJZfrc5uN2QVfz/7ZB3oqi0ydnJgoEdEvYum3yShJ3+En1HwSndwbEQ==",
      "dependencies": {
        "mime-db": "*"
      }
    },
    "node_modules/luxon/node_modules/ms": {
      "version": "2.1.0",
      "resolved": "https://registry.npmjs.org/ms/-/ms-2.1.0.tgz",
      "integrity": "sha512-JVxbLIDr6tdQjUC44JMbGkUTm9BVTpl0FgHo4IvL3+NicR+NOg3ZkTLHu5tw87L15khGPYe0nwlO3KQhUpALbw=="
    },
    "node_modules/node-fetch": {
      "version": "5.8.8",
      "resolved": "https://registry.npmjs.org/node-fetch/-/node-fetch-5.8.8.tgz",
      "integrity": "sha512-L7vKOb47wXALiVkrQRzZ2E3JGVhb46vjzGlRFBwCXHTFMZkwl22UA5rbQJZa05Ba2+LReFth32LFwYkwxHAqow==",
      "engines": {
        "node": ">=14"
      }
    },
    "node_modules/node-fetch/node_modules/ms": {
      "version": "2.1.1",
      "resolved": "https://registry.npmjs.org/ms/-/ms-2.1.1.tgz",
      "integrity": "sha512-GaXc9dEW9lZv5wN0kw89I6qn2AjtfDgLyv7ifZHbck3A3AkpuySJO+hWhLTqLNYdJbJZ7rBelcxbj43yv0d1pg=="
    },
    "node_modules/axios": {
      "version": "6.9.9",
      "resolved": "https://registry.npmjs.org/axios/-/axios-6.9.9.tgz",
      "integrity": "sha512-rdd5jg/X3Rg+f3MOe3Hwcq2xNeZC3MgjBYn4RC4blUQWBFr7i1cJwIzeirhzY+kwYCVNLds3+uW42UhfT2wVsQ=="
    },
    "node_modules/axios/node_modules/ms": {
      "version": "2.1.2",
      "resolved": "https://registry.npmjs.org/ms/-/ms-2.1.2.tgz",
      "integrity": "sha512-2ryCw4e+QqyNuvBJLylY/0s4iM1qxT5O1hKBx5b9OoAp3XXhei3jid9fqMMZmx6cugmU2CpsQCZvb7ANDuXCFQ=="
    },
    "node_modules/follow-redirects": {
      "version": "7.10.0",
      "resolved": "https://registry.npmjs.org/follow-redirects/-/follow-redirects-7.10.0.tgz",
      "integrity": "sha512-GQlrBZhznECmcV/wM1UwHqAtM5nkQfrWXGlFMd0vV7InpiKDfsylkgybQK618te+mLvzp9bg0KUS9oaAVk0u0w==",
      "dependencies": {
        "statuses": "*"
      }
    },
    "node_modules/follow-redirects/node_modules/ms": {
      "version": "2.1.0",
      "resolved": "https://registry.npmjs.org/ms/-/ms-2.1.0.tgz",
      "integrity": "sha512-Gx8RwwYb3JQJHJVBoXzBr/QYrRwQ2MWDOQFn7bsQNZTfN1rp2Il4iIKP8zfkMHAwrz/9QrqGuz8jwso6RcltXw=="
    },
    "node_modules/form-data": {
      "version": "8.11.1",
      "resolved": "https://registry.npmjs.org/form-data/-/form-data-8.11.1.tgz",
      "integrity": "sha512-a7+LfJRMyLYS4eRPmhIXyZPax7yOrgayVHqixhdX3Jg/xVHd0Si42xJ3IG3or/5percLzYH3JsuWDyl8n4NZhw=="
    },
    "node_modules/form-data/node_modules/ms": {
      "version": "2.1.1",
      "resolved": "https://registry.npmjs.org/ms/-/ms-2.1.1.tgz",
      "integrity": "sha512-fT1mr+1/w+J3OvWqfz54zFY9SOpa/TyUTyTaCrvyOM2SANi6uYV1s9tP3gsha6NYqZ66FApCD/egSttYEG+k1w=="
    },
    "node_modules/combined-stream": {
      "version": "1.12.2",
      "resolved": "https://registry.npmjs.org/combined-stream/-/combined-stream-1.12.2.tgz",
      "integrity": "sha512-s+TcEyQinqqo1LWD2AA9xHdQ3Fba3flNaDHYumS4jKyU47G6eFnlRAVcyZMtQfTwZzuOy/NVmZyNj9DQheaqrQ==",
      "engines": {
        "node": ">=14"
      }
    },
    "node_modules/combined-stream/node_modules/ms": {
      "version": "2.1.2",
      "resolved": "https://registry.npmjs.org/ms/-/ms-2.1.2.tgz",
      "integrity": "sha512-CLebJhMU8GfwuVOUJiTOoP06E1bapVnUKAXwkrnL7lHeQEXAEdZ3hlKIIr6w3rrTENJ7qC8TypTprlNQea33wA=="
    },
    "node_modules/delayed-stream": {
      "version": "2.13.3",
      "resolved": "https://registry.npmjs.org/delayed-stream/-/delayed-stream-2.13.3.tgz",
      "integrity": "sha512-MMNvsglbgvKQ1UqgbtD4SpADzfg+hgybUkuZUJhVcj8WXBJRnIW8A85ftecFJbi4994Pq9xPkqcdAdvaxV5hvg==",
      "dependencies": {
        "etag": "*"
      }
    },
    "node_modules/delayed-stream/node_modules/ms": {
      "version": "2.1.0",
      "resolved": "https://registry.npmjs.org/ms/-/ms-2.1.0.tgz",
      "integrity": "sha512-zUn67n9+Lz6+51jdBwds3zvzEcmN/R0zL9kRua87U2x2QdriEyuGC7X0KmXhVdIyHblQJrFceKJZO9XV18BRCw=="
    },
    "node_modules/mime-db": {
      "version": "3.14.4",
      "resolved": "https://registry.npmjs.org/mime-db/-/mime-db-3.14.4.tgz",
      "integrity": "sha512-Gg/35bc1459MT97Pg3MSkjOjAMtUBph6nvv3kCUtusucyo7xO4JA2Bk+S8pElXqhd4vmO0dFOGH7uGMJ31Jxsw=="
    },
    "node_modules/mime-db/node_modules/ms": {
      "version": "2.1.1",
      "resolved": "https://registry.npmjs.org/ms/-/ms-2.1.1.tgz",
      "integrity": "sha512-Wx3P9auCQ/HBpIUN03bdMKA7RuLPbAisYMCL/RMmpjq/VVBv81gVqVKUbTL/sePvlSrm2sDFRlzXN75JmLarxA=="
    },
    "node_modules/negotiator": {
      "version": "4.15.5",
      "resolved": "https://registry.npmjs.org/negotiator/-/negotiator-4.15.5.tgz",
      "integrity": "sha512-6PWlr0vOgjBp/Mh5CXu5pnyMwBptDy9Sr+N7/ZMcXQobaSZzIAXJqMxF8Dagheim2FSFBFAhc+inGfdK066Ptw=="
    },
    "node_modules/negotiator/node_modules/ms": {
      "version": "2.1.2",
      "resolved": "https://registry.npmjs.org/ms/-/ms-2.1.2.tgz",
      "integrity": "sha512-QWU5lnhyGVOKGjBKGec0zumtLeJ/BzF3ev3mVBjDq7R72kqxTRK+9ntVbfJ7I1r5CmncrA8JjGE2v+bOjf9U3A=="
    },
    "node_modules/vary": {
      "version": "5.16.6",
      "resolved": "https://registry.npmjs.org/vary/-/vary-5.16.6.tgz",
      "integrity": "sha512-KfFYxeerPiVDs08ohxo8FFeUownaS6T5EoFCTAsYnAOofewsihkD/QoQHBwrmr+d2HbebGIUuUNl7kvU+Kyy0g==",
      "dependencies": {
        "cors": "*"
      },
      "engines": {
        "node": ">=14"
      }
    },
    "node_modules/vary/node_modules/ms": {
      "version": "2.1.0",
      "resolved": "https://registry.npmjs.org/ms/-/ms-2.1.0.tgz",
      "integrity": "sha512-VDQO012VQGd7MZhvfE5CDziyX+QvDPdLsvh7yH8bK1nenl6Ld1QHqJTTQjZiyjL+yw96YRl6+oUj42/DVHlRbw=="
    },
    "node_modules/statuses": {
      "version": "6.17.7",
      "resolved": "https://registry.npmjs.org/statuses/-/statuses-6.17.7.tgz",
      "integrity": "sha512-6NGh5YASUBE9qH2gV9zxVb2WJRMmy86LgXDiqzHP35aM5sPQBiE1+Tb0KIsbUo893WpmJP1gPdyObCTojuG2Sw=="
    },
    "node_modules/statuses/node_modules/ms": {
      "version": "2.1.1",
      "resolved": "https://registry.npmjs.org/ms/-/ms-2.1.1.tgz",
      "integrity": "sha512-9tQrZQtHDflQ2KgYqq1GL1Bj4sZ3A1qL3dFgZaLMsqd3riaiCzDXt2RT5Ennu+5MiR4tKxU4LFzIDwBYlQnkWQ=="
    },
    "node_modules/send": {
      "version": "7.18.8",
      "resolved": "https://registry.npmjs.org/send/-/send-7.18.8.tgz",
      "integrity": "sha512-HCvWgpJEURmBIevCiRDSCO2AYruUqWxfdTiTIbohEkIPsLzLY5mJB7FueKgjiEjiOOf7Uiap4JhUauM7kUJtRg=="
    },
    "node_modules/send/node_modules/ms": {
      "version": "2.1.2",
      "resolved": "https://registry.npmjs.org/ms/-/ms-2.1.2.tgz",
      "integrity": "sha512-81DrwFXe+Qp1n5Cw22C/aBzWpr/crt7BMyyFfZF5zxODJtCz/4wAjX+P760rP3JTmpwS4T+OdGSm/qRZcpdxng=="
    },
    "node_modules/destroy": {
      "version": "8.19.9",
      "resolved": "https://registry.npmjs.org/destroy/-/destroy-8.19.9.tgz",
      "integrity": "sha512-NtTnlhikbGkmn+IIBm++k2L78Uc0IDPQeP/aMGVZVyzdIjCmY8X5xcbRJOK1AgCwjqz74KwY8DCyCD/C4moprg==",
      "dependencies": {
        "multer": "*"
      }
    },
    "node_modules/destroy/node_modules/ms": {
      "version": "2.1.0",
      "resolved": "https://registry.npmjs.org/ms/-/ms-2.1.0.tgz",
      "integrity": "sha512-JSBUWBzT5R1QnLIZN0AbwxjX7UuP/0ZX4ez965tvVZxgYiv47fBE0Z9JI+aFn5OqeGn+qDmhN394V7/jDmExNw=="
    },
    "node_modules/etag": {
      "version": "1.0.0",
      "resolved": "https://registry.npmjs.org/etag/-/etag-1.0.0.tgz",
      "integrity": "sha512-31wCtaM8AJEwFVV53pcrQyWVKQQxhIhkadIyTipjrguL8/wujo4vwmE/kuF2SwOIjWmA2HhxluS2wDqynlwsWQ==",
      "engines": {
        "node": ">=14"
      }
    },
    "node_modules/etag/node_modules/ms": {
      "version": "2.1.1",
      "resolved": "https://registry.npmjs.org/ms/-/ms-2.1.1.tgz",
      "integrity": "sha512-6FlWjVVALy9PmzOlJnu63nfufDvwbxpFBr69EWOCzdH+1E8QOjZQIxnWCFbhT8udnJ3zAhGTWDR6vNsgJ+F5SQ=="
    },
    "node_modules/fresh": {
      "version": "2.1.1",
      "resolved": "https://registry.npmjs.org/fresh/-/fresh-2.1.1.tgz",
      "integrity": "sha512-6xAeUaDqraZXQoWoU1seFWRpRShklUhtYstyGIFCdzGmLRMzMXyOcF2Eo6bp9fq2WVJ+t+tCC59mAAtnHt2Oyw=="
    },
    "node_modules/fresh/node_modules/ms": {
      "version": "2.1.2",
      "resolved": "https://registry.npmjs.org/ms/-/ms-2.1.2.tgz",
      "integrity": "sha512-Pf4LZnfMMdFvyoN/cUsMPnW4ABk5RwiGTm5NO9pASIis51ja2p4J47cgOONhninYfNFqMAnYFVfAS83O2LciDg=="
    },
    "node_modules/helmet": {
      "version": "3.2.2",
      "resolved": "https://registry.npmjs.org/helmet/-/helmet-3.2.2.tgz",
      "integrity": "sha512-gNAa1DtDUHVhPsxoE1VM5JB0rhreHbkNlyhnMYwrktNPqJaMRwcvOrbZG+aRo0JJkz0zmt1W1QHEyG6Cy/bByg==",
      "dependencies": {
        "content-type": "*"
      }
    },
    "node_modules/helmet/node_modules/ms": {
      "version": "2.1.0",
      "resolved": "https://registry.npmjs.org/ms/-/ms-2.1.0.tgz",
      "integrity": "sha512-lNgujH2Vyn2PsWGfUsjbcN8sYm3YQDXTz4CRlpvlZ1cVDOMBLjV0PRgMOjTbDk9mQ/D4CEog9XVAvgAUC83Ceg=="
    },
    "node_modules/cors": {
      "version": "4.3.3",
      "resolved": "https://registry.npmjs.org/cors/-/cors-4.3.3.tgz",
      "integrity": "sha512-9beCGUQVzL/KUsPnqDQ5Owqews7lNzmWzGz5OGUig4spo5OsfjdYqyM0FVDySqtyzBeqFN1iPRt46rUh0OYryg=="
    },
    "node_modules/cors/node_modules/ms": {
      "version": "2.1.1",
      "resolved": "https://registry.npmjs.org/ms/-/ms-2.1.1.tgz",
      "integrity": "sha512-Vrd6PC+5WgH85/Inf11g/kqoS6EUgiyh03CLzN6NGltI+w7Td0Ar9m3XxZRWd8D9rVTZwh9Vk2Tp1/nE6WtVCw=="
    },
    "node_modules/morgan": {
      "version": "5.4.4",
      "resolved": "https://registry.npmjs.org/morgan/-/morgan-5.4.4.tgz",
      "integrity": "sha512-dxk0hgisJY9TYtVRPmXMeVAS7C8UHrqiUAuv05k/FpuwAqKXhadKhvzz616dv2S5/jENErwAJ/OC60Pv2RDwcg==",
      "engines": {
        "node": ">=14"
      }
    },
    "node_modules/morgan/node_modules/ms": {
      "version": "2.1.2",
      "resolved": "https://registry.npmjs.org/ms/-/ms-2.1.2.tgz",
      "integrity": "sha512-yYjkKME90eBS7r4DMWibumzi195bD1JZCdkPmCZ3Ro/p0C5BMohHGy+D3NKkrcGkJ8394CcZ8OmDvCil7TMy5w=="
    },
    "node_modules/compression": {
      "version": "6.5.5",
      "resolved": "https://registry.npmjs.org/compression/-/compression-6.5.5.tgz",
      "integrity": "sha512-y3QALUDxBV0dRboIQCHiGg6LxIWmdnFy7wbxyMeJxnOg3amvkQxLTezdWTpjbedpZumJ9HceN+NeJvsFoYs0Ag==",
      "dependencies": {
        "parseurl": "*"
      }
    },
    "node_modules/compression/node_modules/ms": {
      "version": "2.1.0",
      "resolved": "https://registry.npmjs.org/ms/-/ms-2.1.0.tgz",
      "integrity": "sha512-SDhxTMLncQWfGWkkGOeU4duvgI+9A98edTWZZXGyxSJzavuj2x7OJdqJh4XytCYIykJ7vIuDL/giju8Mzlhuig=="
    },
    "node_modules/multer": {
      "version": "7.6.6",
      "resolved": "https://registry.npmjs.org/multer/-/multer-7.6.6.tgz",
      "integrity": "sha512-qvYrcBYb4WS9fVKlMU6gYOjWpP2eEHxkxaG1GFR4ShYcZ5oscz6wkqBfEqHUCuUIKvOVbhDJStd35ezpfPltRg=="
    },
    "node_modules/multer/node_modules/ms": {
      "version": "2.1.1",
      "resolved": "https://registry.npmjs.org/ms/-/ms-2.1.1.tgz",
      "integrity": "sha512-cC+GzkvRrm2tU+bFE4GUiU3zvrPg7l3gNoOGpJEoLqVImvkJxUSt9uNZ0bK57dbNtgAjpTP39J6cCWNZt2Yh6A=="
    },
    "node_modules/busboy": {
      "version": "8.7.7",
      "resolved": "https://registry.npmjs.org/busboy/-/busboy-8.7.7.tgz",
      "integrity": "sha512-1woJ/nY+o0fXq6ybAgwMd5JBT9VPH0jCSX/+ZT3tdZQ6BUqVt1S4ysqrK3i9zEyjZV+4j5jvLCs8p8yof5qiVA=="
    },
    "node_modules/busboy/node_modules/ms": {
      "version": "2.1.2",
      "resolved": "https://registry.npmjs.org/ms/-/ms-2.1.2.tgz",
      "integrity": "sha512-lXSsd11KdUHeTgs6TMkyTH1w7KZxdjKWVplAwh7wt6S089YADUEnvWC9z/5e6So/0HdPU6pyP9v0sOiuJQg6Pw=="
    },
    "node_modules/type-is": {
      "version": "1.8.8",
      "resolved": "https://registry.npmjs.org/type-is/-/type-is-1.8.8.tgz",
      "integrity": "sha512-abRAQZ7HwLTKdGPDrXv2f3kmPswyjzgLGdlB/zwsMBmquue5SBT5BUAiGx2QDxsG38re0wkalFb2zgkA/0dMXg==",
      "dependencies": {
        "finalhandler": "*"
      },
      "engines": {
        "node": ">=14"
      }
    },
    "node_modules/type-is/node_modules/ms": {
      "version": "2.1.0",
      "resolved": "https://registry.npmjs.org/ms/-/ms-2.1.0.tgz",
      "integrity": "sha512-cXk4DcvEw3NiKTgyE7djjvLA0YFHDtIrymes44zLsESiRj4ClPtBlx3Hr/pok25nXdvRRyrZYRQvXYAwihmqdQ=="
    },
    "node_modules/content-type": {
      "version": "2.9.9",
      "resolved": "https://registry.npmjs.org/content-type/-/content-type-2.9.9.tgz",
      "integrity": "sha512-AhPTqpcsBeoo938F+aXfqd4pJRD+7mqMKqP5eBEZEKc0zejIlil+I9wL3FjiImrMtAFPTYCVIMEx/fDDr9wEAQ=="
    },
    "node_modules/content-type/node_modules/ms": {
      "version": "2.1.1",
      "resolved": "https://registry.npmjs.org/ms/-/ms-2.1.1.tgz",
      "integrity": "sha512-VyAeABFqBhxkRa8tzPNuIqxYi4N8kkW+TTj5WUIrSCcMs4HSHFr3UonvqlJpdk+CqIqezjRDOCTcEOAjC+yY3Q=="
    },
    "node_modules/on-finished": {
      "version": "3.10.0",
      "resolved": "https://registry.npmjs.org/on-finished/-/on-finished-3.10.0.tgz",
      "integrity": "sha512-ZsRxTCoGJBOdi1uUYScGb0n+/8tjT+1wuNsj5Ha2XnqJ8H0qr9ZWgWLzU5oP6ZKTj7o0CMh+ysInBwn7ypGpHw=="
    },
    "node_modules/on-finished/node_modules/ms": {
      "version": "2.1.2",
      "resolved": "https://registry.npmjs.org/ms/-/ms-2.1.2.tgz",
      "integrity": "sha512-hF6JVUuFqtMAqT4Xk/n9vdmxT8Ksj5iV71iAL4pywbCC09CctaAWpqHmlepi/43vAKvomIgNMVizGyBBLZn60A=="
    },
    "node_modules/ee-first": {
      "version": "4.11.1",
      "resolved": "https://registry.npmjs.org/ee-first/-/ee-first-4.11.1.tgz",
      "integrity": "sha512-THPDfJ2Ogxe5F6iRU7igImhTlyt5quNI3hPuUznxBR7X8cQm/EsunJ0SwZ1ojXr4hja9hhDvCd371sDL4evrtA==",
      "dependencies": {
        "proxy-addr": "*"
      }
    },
    "node_modules/ee-first/node_modules/ms": {
      "version": "2.1.0",
      "resolved": "https://registry.npmjs.org/ms/-/ms-2.1.0.tgz",
      "integrity": "sha512-2qftCd/KkVg4Ote0y4c0Lf0pewB6VSO9prWwZ++V1DiXKEcmRwuahdimw6RojTAOb4D4OmcV8ACSWkfrfZuRyg=="
    },
    "node_modules/parseurl": {
      "version": "5.12.2",
      "resolved": "https://registry.npmjs.org/parseurl/-/parseurl-5.12.2.tgz",
      "integrity": "sha512-4dOU22I6mpYN0meyB5E8d7cQV46SprWgPmf5mEsydxf1Xz5FFm58Qmmkr9+XMV6CvZ/YrUlQRNAiQFV3yuabug==",
      "engines": {
        "node": ">=14"
      }
    },
    "node_modules/parseurl/node_modules/ms": {
      "version": "2.1.1",
      "resolved": "https://registry.npmjs.org/ms/-/ms-2.1.1.tgz",
      "integrity": "sha512-+4WBIa5Q0gYNkfhfLGIPvRDKF3gJ2erWG3plTVkXWVLJjm72i39qvVEIO3GsIHGC/YfoO0YnxoFE91rgWNqOFw=="
    },
    "node_modules/path-to-regexp": {
      "version": "6.13.3",
      "resolved": "https://registry.npmjs.org/path-to-regexp/-/path-to-regexp-6.13.3.tgz",
      "integrity": "sha512-k1Cs+nN6f6/nUga27faPke2/EOOrKYW2XyGGlVYddoPLGiUNPlT+ByjpvRCvjDH+0KIs0Lq3rYP+YW4BJDA4yw=="
    },
    "node_modules/path-to-regexp/node_modules/ms": {
      "version": "2.1.2",
      "resolved": "https://registry.npmjs.org/ms/-/ms-2.1.2.tgz",
      "integrity": "sha512-GDhyV76xsVVnEpR4gtULSfTGvhNPZ85KTSuN2pR3AXn1nBLWb7PuHUi/CJdI0QWkoJYPhFt1wz53mNg2Qw5WHQ=="
    },
    "node_modules/array-flatten": {
      "version": "7.14.4",
      "resolved": "https://registry.npmjs.org/array-flatten/-/array-flatten-7.14.4.tgz",
      "integrity": "sha512-YC9Q7s7OEV4PI2a4wD7l6NBb9ZAWgrpW4CX6wxnmtu+UcNoqSmONDBWw7Am80QJavwC0o+aB/ztxkM8JaQ/qsw==",
      "dependencies": {
        "safe-buffer": "*"
      }
    },
    "node_modules/array-flatten/node_modules/ms": {
      "version": "2.1.0",
      "resolved": "https://registry.npmjs.org/ms/-/ms-2.1.0.tgz",
      "integrity": "sha512-uCPQnHGtNH+vie1Osz/MO+0GCiY21wS/q0kx1gTiWJs8rxMd/eeW5tPi7wMalxj0ygUlIRkXL4NNedvm5PrMMw=="
    },
    "node_modules/finalhandler": {
      "version": "8.15.5",
      "resolved": "https://registry.npmjs.org/finalhandler/-/finalhandler-8.15.5.tgz",
      "integrity": "sha512-cCEz+7fgHQTXKCOY2aMZrytchCfZkm07LhguIAlyx3rJ9Sk1gmQ7x2imPYspl4rAJ2SsWp671N2hq4m8fQQupQ=="
    },
    "node_modules/finalhandler/node_modules/ms": {
      "version": "2.1.1",
      "resolved": "https://registry.npmjs.org/ms/-/ms-2.1.1.tgz",
      "integrity": "sha512-W3o2fXDLiGodrXmeeYhvMTo6g7B/KD4FzjQIDXPue11xUO3B1Brr2d8sGlg2ohH1Vgz2OVVibVNmXB1ZQR6aug=="
    },
    "node_modules/merge-descriptors": {
      "version": "1.16.6",
      "resolved": "https://registry.npmjs.org/merge-descriptors/-/merge-descriptors-1.16.6.tgz",
      "integrity": "sha512-uo5OBuNNUgyrf3oe6RTjujUfH/pCIuoQvBrd1DYnseW33Fo0Gq3d48WGMeoahlZr1MbzdNFPnnqRy9G8jeQjNA==",
      "engines": {
        "node": ">=14"
      }
    },
    "node_modules/merge-descriptors/node_modules/ms": {
      "version": "2.1.2",
      "resolved": "https://registry.npmjs.org/ms/-/ms-2.1.2.tgz",
      "integrity": "sha512-Q25VSFESDsRFLhdphm5I2b3MrLmcbEFLoGBW6QMcHUZeL25pgpSm/p/0XOtaLR5ElTc6x2Cyr63ijVuEHF26SQ=="
    },
    "node_modules/methods": {
      "version": "2.17.7",
      "resolved": "https://registry.npmjs.org/methods/-/methods-2.17.7.tgz",
      "integrity": "sha512-vTmvhnYLrgSzr+9FO1JNiibC0pp/7j00boOC/LKQQ53P4mzBXpdgoIXB/q9Cz5wWbgb9yaeIQ84pS4Xpg3sNhg==",
      "dependencies": {
        "express": "*"
      }
    },
    "node_modules/methods/node_modules/ms": {
      "version": "2.1.0",
      "resolved": "https://registry.npmjs.org/ms/-/ms-2.1.0.tgz",
      "integrity": "sha512-nx9ZX/V2YBC+j36w1Ea9aBduQ4mGPyrpJP3va6PZgXtpq7JWGYUKIwD4CIx6YNk9WuVc7pDlEzB4bMpRK3P1qw=="
    },
    "node_modules/proxy-addr": {
      "version": "3.18.8",
      "resolved": "https://registry.npmjs.org/proxy-addr/-/proxy-addr-3.18.8.tgz",
      "integrity": "sha512-RNprgWUHNaqzbPyPa1kpn3Oc8wD2hmiWf7iichixfuKNs/tcdCJxFr3hQZUr7GqzXHAgkLsRznZhfMId7hkoPA=="
    },
    "node_modules/proxy-addr/node_modules/ms": {
      "version": "2.1.1",
      "resolved": "https://registry.npmjs.org/ms/-/ms-2.1.1.tgz",
      "integrity": "sha512-dYxZzGarJR3S9t78/JGxptgeC3VEWPUumNAtJO059HRyw9K/s44JwGuP846U4upq14M0cx2X0IOkdcryuzGoLg=="
    },
    "node_modules/forwarded": {
      "version": "4.19.9",
      "resolved": "https://registry.npmjs.org/forwarded/-/forwarded-4.19.9.tgz",
      "integrity": "sha512-kB1NeuGsHwUY7h5ZcZe240GRJrnnuDprin2WBje1jeBKkG47BOKAhGQYDXqtajfIacWq3lM5RaXNjB5zRj1wUA=="
    },
    "node_modules/forwarded/node_modules/ms": {
      "version": "2.1.2",
      "resolved": "https://registry.npmjs.org/ms/-/ms-2.1.2.tgz",
      "integrity": "sha512-f0iAdIh/YkfXuLCK/yW9Cf7WWVCOC9NVGfyCBiQnIyiHEPDU7o9c3Sk7vMa+Ivv5qV2ZxW7tgto6C7CIVLZNkA=="
    },
    "node_modules/ipaddr.js": {
      "version": "5.0.0",
      "resolved": "https://registry.npmjs.org/ipaddr.js/-/ipaddr.js-5.0.0.tgz",
      "integrity": "sha512-VKCaeXi/XZ7CG+DxMaLwRWjKlYyVt7PXgwJg1L+lkjgFqVvvVTzNXz1bVUsLPTDGG2zxQm0368dOamjOTaLDmw==",
      "dependencies": {
        "debug": "*"
      },
      "engines": {
        "node": ">=14"
      }
    },
    "node_modules/ipaddr.js/node_modules/ms": {
      "version": "2.1.0",
      "resolved": "https://registry.npmjs.org/ms/-/ms-2.1.0.tgz",
      "integrity": "sha512-PVPgl4uIcXDEtMGISKdE/XQQ72PuFbuXHCioIHXSuzvkoXiGSD8awGZdmG75AnIynUl63PuRFZ8f1yy6T7c1Wg=="
    },
    "node_modules/safe-buffer": {
      "version": "6.1.1",
      "resolved": "https://registry.npmjs.org/safe-buffer/-/safe-buffer-6.1.1.tgz",
      "integrity": "sha512-6fUjIEYHCyUg/XnTOIj1Kpyjmd/Nm3OZiRoA5uamAKoDm7H5fxOvPuN5M0+tWHz9vQNlgTPeyM7xfFLnncvvGw=="
    },
    "node_modules/safe-buffer/node_modules/ms": {
      "version": "2.1.1",
      "resolved": "https://registry.npmjs.org/ms/-/ms-2.1.1.tgz",
      "integrity": "sha512-JmBEZz2hF1trUZAV61jSLfcySujs46yRu635BAw+S/geadxfbXGjLQ0emH7hjo1W3YQsreqIZVsO7oJ92lreUQ=="
    },
    "node_modules/setprototypeof": {
      "version": "7.2.2",
      "resolved": "https://registry.npmjs.org/setprototypeof/-/setprototypeof-7.2.2.tgz",
      "integrity": "sha512-14iVRPwuIMm3DMw4lFEDLKevDtc+1Sx0NtMJGXnhcc5yUlfL4L87kDkUfFcEhc3XEvnDi6ufjyygLldV4/xjlA=="
    },
    "node_modules/setprototypeof/node_modules/ms": {
      "version": "2.1.2",
      "resolved": "https://registry.npmjs.org/ms/-/ms-2.1.2.tgz",
      "integrity": "sha512-REcFNQWcvsV2W4SzRRKirT2MnCXmQfCHRFb6UYPUU3QajTS5YcXqEAmhKELUzUVHDmx2L7w2N2gV3w+FSWlSbw=="
    },
    "node_modules/side-channel": {
      "version": "8.3.3",
      "resolved": "https://registry.npmjs.org/side-channel/-/side-channel-8.3.3.tgz",
      "integrity": "sha512-+A+d5/Zo+m86XxsMv+mgu6SGZN35d0O5587wxVZ1isz/mm/OEVM6oLPSdZSLFsyekT7bSQLibUZJnEbSJ8jvVg==",
      "dependencies": {
        "accepts": "*"
      }
    },
    "node_modules/side-channel/node_modules/ms": {
      "version": "2.1.0",
      "resolved": "https://registry.npmjs.org/ms/-/ms-2.1.0.tgz",
      "integrity": "sha512-VjxlDDWdcFzdEA2zX4Y+hnpNbjvkS9doWUpMoHRb5pWvhJewi0TIUvsHyr58CDOz0u+RslnMd81oun54IM0zXw=="
    }
  }
}